{
  "name": "pywebtodolist",
  "lockfileVersion": 2,
  "requires": true,
  "packages": {
    "": {
      "dependencies": {
        "scroll-js": "^3.5.1"
      }
    },
    "node_modules/scroll-js": {
      "version": "3.5.1",
      "resolved": "https://registry.npmjs.org/scroll-js/-/scroll-js-3.5.1.tgz",
      "integrity": "sha512-2dIk/hhXznnqLgw/2cD3nC+PMPjm5b8wSqKIphz3MTt0ER9L33oUDa/NyCy/yOr7i/8vx2nSWxtc4U7QMJmqew==",
      "engines": {
        "node": ">=16"
      }
    }
  },
  "dependencies": {
    "scroll-js": {
      "version": "3.5.1",
      "resolved": "https://registry.npmjs.org/scroll-js/-/scroll-js-3.5.1.tgz",
      "integrity": "sha512-2dIk/hhXznnqLgw/2cD3nC+PMPjm5b8wSqKIphz3MTt0ER9L33oUDa/NyCy/yOr7i/8vx2nSWxtc4U7QMJmqew=="
    }
  }
}
